
Microsoft Visual Studio Solution File, Format Version 12.00
# Visual Studio Version 16
VisualStudioVersion = 16.0.30114.105
MinimumVisualStudioVersion = 10.0.40219.1
Project("{FAE04EC0-301F-11D3-BF4B-00C04F79EFBC}") = "R5T.NetStandard.SSH", "R5T.NetStandard.SSH\R5T.NetStandard.SSH.csproj", "{10754A48-E3D5-402C-B4E2-F859F9945A3C}"
EndProject
Project("{FAE04EC0-301F-11D3-BF4B-00C04F79EFBC}") = "R5T.NetStandard.SSH.Construction", "R5T.NetStandard.SSH.Construction\R5T.NetStandard.SSH.Construction.csproj", "{4307C29C-82B8-452A-8744-7BB994B85D95}"
EndProject
Project("{FAE04EC0-301F-11D3-BF4B-00C04F79EFBC}") = "R5T.NetStandard.SSH.Testing", "R5T.NetStandard.SSH.Testing\R5T.NetStandard.SSH.Testing.csproj", "{B3163AFA-DA68-44E4-82B9-4173450031F8}"
EndProject
Global
	GlobalSection(SolutionConfigurationPlatforms) = preSolution
		Debug|Any CPU = Debug|Any CPU
		Debug|x64 = Debug|x64
		Debug|x86 = Debug|x86
		Release|Any CPU = Release|Any CPU
		Release|x64 = Release|x64
		Release|x86 = Release|x86
	EndGlobalSection
	GlobalSection(SolutionProperties) = preSolution
		HideSolutionNode = FALSE
	EndGlobalSection
	GlobalSection(ProjectConfigurationPlatforms) = postSolution
		{10754A48-E3D5-402C-B4E2-F859F9945A3C}.Debug|Any CPU.ActiveCfg = Debug|Any CPU
		{10754A48-E3D5-402C-B4E2-F859F9945A3C}.Debug|Any CPU.Build.0 = Debug|Any CPU
		{10754A48-E3D5-402C-B4E2-F859F9945A3C}.Debug|x64.ActiveCfg = Debug|Any CPU
		{10754A48-E3D5-402C-B4E2-F859F9945A3C}.Debug|x64.Build.0 = Debug|Any CPU
		{10754A48-E3D5-402C-B4E2-F859F9945A3C}.Debug|x86.ActiveCfg = Debug|Any CPU
		{10754A48-E3D5-402C-B4E2-F859F9945A3C}.Debug|x86.Build.0 = Debug|Any CPU
		{10754A48-E3D5-402C-B4E2-F859F9945A3C}.Release|Any CPU.ActiveCfg = Release|Any CPU
		{10754A48-E3D5-402C-B4E2-F859F9945A3C}.Release|Any CPU.Build.0 = Release|Any CPU
		{10754A48-E3D5-402C-B4E2-F859F9945A3C}.Release|x64.ActiveCfg = Release|Any CPU
		{10754A48-E3D5-402C-B4E2-F859F9945A3C}.Release|x64.Build.0 = Release|Any CPU
		{10754A48-E3D5-402C-B4E2-F859F9945A3C}.Release|x86.ActiveCfg = Release|Any CPU
		{10754A48-E3D5-402C-B4E2-F859F9945A3C}.Release|x86.Build.0 = Release|Any CPU
		{4307C29C-82B8-452A-8744-7BB994B85D95}.Debug|Any CPU.ActiveCfg = Debug|Any CPU
		{4307C29C-82B8-452A-8744-7BB994B85D95}.Debug|Any CPU.Build.0 = Debug|Any CPU
		{4307C29C-82B8-452A-8744-7BB994B85D95}.Debug|x64.ActiveCfg = Debug|Any CPU
		{4307C29C-82B8-452A-8744-7BB994B85D95}.Debug|x64.Build.0 = Debug|Any CPU
		{4307C29C-82B8-452A-8744-7BB994B85D95}.Debug|x86.ActiveCfg = Debug|Any CPU
		{4307C29C-82B8-452A-8744-7BB994B85D95}.Debug|x86.Build.0 = Debug|Any CPU
		{4307C29C-82B8-452A-8744-7BB994B85D95}.Release|Any CPU.ActiveCfg = Release|Any CPU
		{4307C29C-82B8-452A-8744-7BB994B85D95}.Release|Any CPU.Build.0 = Release|Any CPU
		{4307C29C-82B8-452A-8744-7BB994B85D95}.Release|x64.ActiveCfg = Release|Any CPU
		{4307C29C-82B8-452A-8744-7BB994B85D95}.Release|x64.Build.0 = Release|Any CPU
		{4307C29C-82B8-452A-8744-7BB994B85D95}.Release|x86.ActiveCfg = Release|Any CPU
		{4307C29C-82B8-452A-8744-7BB994B85D95}.Release|x86.Build.0 = Release|Any CPU
		{B3163AFA-DA68-44E4-82B9-4173450031F8}.Debug|Any CPU.ActiveCfg = Debug|Any CPU
		{B3163AFA-DA68-44E4-82B9-4173450031F8}.Debug|Any CPU.Build.0 = Debug|Any CPU
		{B3163AFA-DA68-44E4-82B9-4173450031F8}.Debug|x64.ActiveCfg = Debug|Any CPU
		{B3163AFA-DA68-44E4-82B9-4173450031F8}.Debug|x64.Build.0 = Debug|Any CPU
		{B3163AFA-DA68-44E4-82B9-4173450031F8}.Debug|x86.ActiveCfg = Debug|Any CPU
		{B3163AFA-DA68-44E4-82B9-4173450031F8}.Debug|x86.Build.0 = Debug|Any CPU
		{B3163AFA-DA68-44E4-82B9-4173450031F8}.Release|Any CPU.ActiveCfg = Release|Any CPU
		{B3163AFA-DA68-44E4-82B9-4173450031F8}.Release|Any CPU.Build.0 = Release|Any CPU
		{B3163AFA-DA68-44E4-82B9-4173450031F8}.Release|x64.ActiveCfg = Release|Any CPU
		{B3163AFA-DA68-44E4-82B9-4173450031F8}.Release|x64.Build.0 = Release|Any CPU
		{B3163AFA-DA68-44E4-82B9-4173450031F8}.Release|x86.ActiveCfg = Release|Any CPU
		{B3163AFA-DA68-44E4-82B9-4173450031F8}.Release|x86.Build.0 = Release|Any CPU
	EndGlobalSection
EndGlobal
